# This file is automatically @generated by Cargo.
# It is not intended for manual editing.
version = 3

[[package]]
name = "solana-usdc-indexer"
version = "0.1.0"
dependencies = [
 "anyhow",
 "base64",
 "bs58",
 "chrono",
 "clap",
 "futures",
 "reqwest",
 "serde",
 "serde_json",
 "solana-client",
 "solana-sdk",
 "spl-token",
 "tokio",
]